// !$*UTF8*$!
{
	archiveVersion = 1;
	classes = {
	};
	objectVersion = 46;
	objects = {

/* Begin PBXBuildFile section */
		2CF61FF2199F93F700658F32 /* AppDelegate.swift in Sources */ = {isa = PBXBuildFile; fileRef = 2CF61FF1199F93F700658F32 /* AppDelegate.swift */; };
		2CF61FF4199F93F700658F32 /* ViewController.swift in Sources */ = {isa = PBXBuildFile; fileRef = 2CF61FF3199F93F700658F32 /* ViewController.swift */; };
		2CF61FF7199F93F700658F32 /* Main.storyboard in Resources */ = {isa = PBXBuildFile; fileRef = 2CF61FF5199F93F700658F32 /* Main.storyboard */; };
		2CF61FF9199F93F700658F32 /* Images.xcassets in Resources */ = {isa = PBXBuildFile; fileRef = 2CF61FF8199F93F700658F32 /* Images.xcassets */; };
		2CF62005199F93F700658F32 /* FlickrViewerTests.swift in Sources */ = {isa = PBXBuildFile; fileRef = 2CF62004199F93F700658F32 /* FlickrViewerTests.swift */; };
		2CF6200F199F943300658F32 /* FlickrHelper.swift in Sources */ = {isa = PBXBuildFile; fileRef = 2CF6200E199F943300658F32 /* FlickrHelper.swift */; };
		2CF62011199F98E100658F32 /* FlickrPhoto.swift in Sources */ = {isa = PBXBuildFile; fileRef = 2CF62010199F98E100658F32 /* FlickrPhoto.swift */; };
/* End PBXBuildFile section */

/* Begin PBXContainerItemProxy section */
		2CF61FFF199F93F700658F32 /* PBXContainerItemProxy */ = {
			isa = PBXContainerItemProxy;
			containerPortal = 2CF61FE4199F93F700658F32 /* Project object */;
			proxyType = 1;
			remoteGlobalIDString = 2CF61FEB199F93F700658F32;
			remoteInfo = FlickrViewer;
		};
/* End PBXContainerItemProxy section */

/* Begin PBXFileReference section */
		2CF61FEC199F93F700658F32 /* FlickrViewer.app */ = {isa = PBXFileReference; explicitFileType = wrapper.application; includeInIndex = 0; path = FlickrViewer.app; sourceTree = BUILT_PRODUCTS_DIR; };
		2CF61FF0199F93F700658F32 /* Info.plist */ = {isa = PBXFileReference; lastKnownFileType = text.plist.xml; path = Info.plist; sourceTree = "<group>"; };
		2CF61FF1199F93F700658F32 /* AppDelegate.swift */ = {isa = PBXFileReference; lastKnownFileType = sourcecode.swift; path = AppDelegate.swift; sourceTree = "<group>"; };
		2CF61FF3199F93F700658F32 /* ViewController.swift */ = {isa = PBXFileReference; lastKnownFileType = sourcecode.swift; path = ViewController.swift; sourceTree = "<group>"; };
		2CF61FF6199F93F700658F32 /* Base */ = {isa = PBXFileReference; lastKnownFileType = file.storyboard; name = Base; path = Base.lproj/Main.storyboard; sourceTree = "<group>"; };
		2CF61FF8199F93F700658F32 /* Images.xcassets */ = {isa = PBXFileReference; lastKnownFileType = folder.assetcatalog; path = Images.xcassets; sourceTree = "<group>"; };
		2CF61FFE199F93F700658F32 /* FlickrViewerTests.xctest */ = {isa = PBXFileReference; explicitFileType = wrapper.cfbundle; includeInIndex = 0; path = FlickrViewerTests.xctest; sourceTree = BUILT_PRODUCTS_DIR; };
		2CF62003199F93F700658F32 /* Info.plist */ = {isa = PBXFileReference; lastKnownFileType = text.plist.xml; path = Info.plist; sourceTree = "<group>"; };
		2CF62004199F93F700658F32 /* FlickrViewerTests.swift */ = {isa = PBXFileReference; lastKnownFileType = sourcecode.swift; path = FlickrViewerTests.swift; sourceTree = "<group>"; };
		2CF6200E199F943300658F32 /* FlickrHelper.swift */ = {isa = PBXFileReference; fileEncoding = 4; lastKnownFileType = sourcecode.swift; path = FlickrHelper.swift; sourceTree = "<group>"; };
		2CF62010199F98E100658F32 /* FlickrPhoto.swift */ = {isa = PBXFileReference; fileEncoding = 4; lastKnownFileType = sourcecode.swift; path = FlickrPhoto.swift; sourceTree = "<group>"; };
/* End PBXFileReference section */

/* Begin PBXFrameworksBuildPhase section */
		2CF61FE9199F93F700658F32 /* Frameworks */ = {
			isa = PBXFrameworksBuildPhase;
			buildActionMask = 2147483647;
			files = (
			);
			runOnlyForDeploymentPostprocessing = 0;
		};
		2CF61FFB199F93F700658F32 /* Frameworks */ = {
			isa = PBXFrameworksBuildPhase;
			buildActionMask = 2147483647;
			files = (
			);
			runOnlyForDeploymentPostprocessing = 0;
		};
/* End PBXFrameworksBuildPhase section */

/* Begin PBXGroup section */
		2CF61FE3199F93F700658F32 = {
			isa = PBXGroup;
			children = (
				2CF61FEE199F93F700658F32 /* FlickrViewer */,
				2CF62001199F93F700658F32 /* FlickrViewerTests */,
				2CF61FED199F93F700658F32 /* Products */,
			);
			sourceTree = "<group>";
		};
		2CF61FED199F93F700658F32 /* Products */ = {
			isa = PBXGroup;
			children = (
				2CF61FEC199F93F700658F32 /* FlickrViewer.app */,
				2CF61FFE199F93F700658F32 /* FlickrViewerTests.xctest */,
			);
			name = Products;
			sourceTree = "<group>";
		};
		2CF61FEE199F93F700658F32 /* FlickrViewer */ = {
			isa = PBXGroup;
			children = (
				2CF61FF1199F93F700658F32 /* AppDelegate.swift */,
				2CF61FF3199F93F700658F32 /* ViewController.swift */,
				2CF6200E199F943300658F32 /* FlickrHelper.swift */,
				2CF62010199F98E100658F32 /* FlickrPhoto.swift */,
				2CF61FF5199F93F700658F32 /* Main.storyboard */,
				2CF61FF8199F93F700658F32 /* Images.xcassets */,
				2CF61FEF199F93F700658F32 /* Supporting Files */,
			);
			path = FlickrViewer;
			sourceTree = "<group>";
		};
		2CF61FEF199F93F700658F32 /* Supporting Files */ = {
			isa = PBXGroup;
			children = (
				2CF61FF0199F93F700658F32 /* Info.plist */,
			);
			name = "Supporting Files";
			sourceTree = "<group>";
		};
		2CF62001199F93F700658F32 /* FlickrViewerTests */ = {
			isa = PBXGroup;
			children = (
				2CF62004199F93F700658F32 /* FlickrViewerTests.swift */,
				2CF62002199F93F700658F32 /* Supporting Files */,
			);
			path = FlickrViewerTests;
			sourceTree = "<group>";
		};
		2CF62002199F93F700658F32 /* Supporting Files */ = {
			isa = PBXGroup;
			children = (
				2CF62003199F93F700658F32 /* Info.plist */,
			);
			name = "Supporting Files";
			sourceTree = "<group>";
		};
/* End PBXGroup section */

/* Begin PBXNativeTarget section */
		2CF61FEB199F93F700658F32 /* FlickrViewer */ = {
			isa = PBXNativeTarget;
			buildConfigurationList = 2CF62008199F93F700658F32 /* Build configuration list for PBXNativeTarget "FlickrViewer" */;
			buildPhases = (
				2CF61FE8199F93F700658F32 /* Sources */,
				2CF61FE9199F93F700658F32 /* Frameworks */,
				2CF61FEA199F93F700658F32 /* Resources */,
			);
			buildRules = (
			);
			dependencies = (
			);
			name = FlickrViewer;
			productName = FlickrViewer;
			productReference = 2CF61FEC199F93F700658F32 /* FlickrViewer.app */;
			productType = "com.apple.product-type.application";
		};
		2CF61FFD199F93F700658F32 /* FlickrViewerTests */ = {
			isa = PBXNativeTarget;
			buildConfigurationList = 2CF6200B199F93F700658F32 /* Build configuration list for PBXNativeTarget "FlickrViewerTests" */;
			buildPhases = (
				2CF61FFA199F93F700658F32 /* Sources */,
				2CF61FFB199F93F700658F32 /* Frameworks */,
				2CF61FFC199F93F700658F32 /* Resources */,
			);
			buildRules = (
			);
			dependencies = (
				2CF62000199F93F700658F32 /* PBXTargetDependency */,
			);
			name = FlickrViewerTests;
			productName = FlickrViewerTests;
			productReference = 2CF61FFE199F93F700658F32 /* FlickrViewerTests.xctest */;
			productType = "com.apple.product-type.bundle.unit-test";
		};
/* End PBXNativeTarget section */

/* Begin PBXProject section */
		2CF61FE4199F93F700658F32 /* Project object */ = {
			isa = PBXProject;
			attributes = {
				LastUpgradeCheck = 0600;
				ORGANIZATIONNAME = Schilum23;
				TargetAttributes = {
					2CF61FEB199F93F700658F32 = {
						CreatedOnToolsVersion = 6.0;
					};
					2CF61FFD199F93F700658F32 = {
						CreatedOnToolsVersion = 6.0;
						TestTargetID = 2CF61FEB199F93F700658F32;
					};
				};
			};
			buildConfigurationList = 2CF61FE7199F93F700658F32 /* Build configuration list for PBXProject "FlickrViewer" */;
			compatibilityVersion = "Xcode 3.2";
			developmentRegion = English;
			hasScannedForEncodings = 0;
			knownRegions = (
				en,
				Base,
			);
			mainGroup = 2CF61FE3199F93F700658F32;
			productRefGroup = 2CF61FED199F93F700658F32 /* Products */;
			projectDirPath = "";
			projectRoot = "";
			targets = (
				2CF61FEB199F93F700658F32 /* FlickrViewer */,
				2CF61FFD199F93F700658F32 /* FlickrViewerTests */,
			);
		};
/* End PBXProject section */

/* Begin PBXResourcesBuildPhase section */
		2CF61FEA199F93F700658F32 /* Resources */ = {
			isa = PBXResourcesBuildPhase;
			buildActionMask = 2147483647;
			files = (
				2CF61FF7199F93F700658F32 /* Main.storyboard in Resources */,
				2CF61FF9199F93F700658F32 /* Images.xcassets in Resources */,
			);
			runOnlyForDeploymentPostprocessing = 0;
		};
		2CF61FFC199F93F700658F32 /* Resources */ = {
			isa = PBXResourcesBuildPhase;
			buildActionMask = 2147483647;
			files = (
			);
			runOnlyForDeploymentPostprocessing = 0;
		};
/* End PBXResourcesBuildPhase section */

/* Begin PBXSourcesBuildPhase section */
		2CF61FE8199F93F700658F32 /* Sources */ = {
			isa = PBXSourcesBuildPhase;
			buildActionMask = 2147483647;
			files = (
				2CF6200F199F943300658F32 /* FlickrHelper.swift in Sources */,
				2CF62011199F98E100658F32 /* FlickrPhoto.swift in Sources */,
				2CF61FF4199F93F700658F32 /* ViewController.swift in Sources */,
				2CF61FF2199F93F700658F32 /* AppDelegate.swift in Sources */,
			);
			runOnlyForDeploymentPostprocessing = 0;
		};
		2CF61FFA199F93F700658F32 /* Sources */ = {
			isa = PBXSourcesBuildPhase;
			buildActionMask = 2147483647;
			files = (
				2CF62005199F93F700658F32 /* FlickrViewerTests.swift in Sources */,
			);
			runOnlyForDeploymentPostprocessing = 0;
		};
/* End PBXSourcesBuildPhase section */

/* Begin PBXTargetDependency section */
		2CF62000199F93F700658F32 /* PBXTargetDependency */ = {
			isa = PBXTargetDependency;
			target = 2CF61FEB199F93F700658F32 /* FlickrViewer */;
			targetProxy = 2CF61FFF199F93F700658F32 /* PBXContainerItemProxy */;
		};
/* End PBXTargetDependency section */

/* Begin PBXVariantGroup section */
		2CF61FF5199F93F700658F32 /* Main.storyboard */ = {
			isa = PBXVariantGroup;
			children = (
				2CF61FF6199F93F700658F32 /* Base */,
			);
			name = Main.storyboard;
			sourceTree = "<group>";
		};
/* End PBXVariantGroup section */

/* Begin XCBuildConfiguration section */
		2CF62006199F93F700658F32 /* Debug */ = {
			isa = XCBuildConfiguration;
			buildSettings = {
				ALWAYS_SEARCH_USER_PATHS = NO;
				CLANG_CXX_LANGUAGE_STANDARD = "gnu++0x";
				CLANG_CXX_LIBRARY = "libc++";
				CLANG_ENABLE_MODULES = YES;
				CLANG_ENABLE_OBJC_ARC = YES;
				CLANG_WARN_BOOL_CONVERSION = YES;
				CLANG_WARN_CONSTANT_CONVERSION = YES;
				CLANG_WARN_DIRECT_OBJC_ISA_USAGE = YES_ERROR;
				CLANG_WARN_EMPTY_BODY = YES;
				CLANG_WARN_ENUM_CONVERSION = YES;
				CLANG_WARN_INT_CONVERSION = YES;
				CLANG_WARN_OBJC_ROOT_CLASS = YES_ERROR;
				CLANG_WARN_UNREACHABLE_CODE = YES;
				CLANG_WARN__DUPLICATE_METHOD_MATCH = YES;
				"CODE_SIGN_IDENTITY[sdk=iphoneos*]" = "iPhone Developer";
				COPY_PHASE_STRIP = NO;
				ENABLE_STRICT_OBJC_MSGSEND = YES;
				GCC_C_LANGUAGE_STANDARD = gnu99;
				GCC_DYNAMIC_NO_PIC = NO;
				GCC_OPTIMIZATION_LEVEL = 0;
				GCC_PREPROCESSOR_DEFINITIONS = (
					"DEBUG=1",
					"$(inherited)",
				);
				GCC_SYMBOLS_PRIVATE_EXTERN = NO;
				GCC_WARN_64_TO_32_BIT_CONVERSION = YES;
				GCC_WARN_ABOUT_RETURN_TYPE = YES_ERROR;
				GCC_WARN_UNDECLARED_SELECTOR = YES;
				GCC_WARN_UNINITIALIZED_AUTOS = YES_AGGRESSIVE;
				GCC_WARN_UNUSED_FUNCTION = YES;
				GCC_WARN_UNUSED_VARIABLE = YES;
				IPHONEOS_DEPLOYMENT_TARGET = 8.0;
				MTL_ENABLE_DEBUG_INFO = YES;
				ONLY_ACTIVE_ARCH = YES;
				SDKROOT = iphoneos;
				SWIFT_OPTIMIZATION_LEVEL = "-Onone";
			};
			name = Debug;
		};
		2CF62007199F93F700658F32 /* Release */ = {
			isa = XCBuildConfiguration;
			buildSettings = {
				ALWAYS_SEARCH_USER_PATHS = NO;
				CLANG_CXX_LANGUAGE_STANDARD = "gnu++0x";
				CLANG_CXX_LIBRARY = "libc++";
				CLANG_ENABLE_MODULES = YES;
				CLANG_ENABLE_OBJC_ARC = YES;
				CLANG_WARN_BOOL_CONVERSION = YES;
				CLANG_WARN_CONSTANT_CONVERSION = YES;
				CLANG_WARN_DIRECT_OBJC_ISA_USAGE = YES_ERROR;
				CLANG_WARN_EMPTY_BODY = YES;
				CLANG_WARN_ENUM_CONVERSION = YES;
				CLANG_WARN_INT_CONVERSION = YES;
				CLANG_WARN_OBJC_ROOT_CLASS = YES_ERROR;
				CLANG_WARN_UNREACHABLE_CODE = YES;
				CLANG_WARN__DUPLICATE_METHOD_MATCH = YES;
				"CODE_SIGN_IDENTITY[sdk=iphoneos*]" = "iPhone Developer";
				COPY_PHASE_STRIP = YES;
				ENABLE_NS_ASSERTIONS = NO;
				ENABLE_STRICT_OBJC_MSGSEND = YES;
				GCC_C_LANGUAGE_STANDARD = gnu99;
				GCC_WARN_64_TO_32_BIT_CONVERSION = YES;
				GCC_WARN_ABOUT_RETURN_TYPE = YES_ERROR;
				GCC_WARN_UNDECLARED_SELECTOR = YES;
				GCC_WARN_UNINITIALIZED_AUTOS = YES_AGGRESSIVE;
				GCC_WARN_UNUSED_FUNCTION = YES;
				GCC_WARN_UNUSED_VARIABLE = YES;
				IPHONEOS_DEPLOYMENT_TARGET = 8.0;
				MTL_ENABLE_DEBUG_INFO = NO;
				SDKROOT = iphoneos;
				VALIDATE_PRODUCT = YES;
			};
			name = Release;
		};
		2CF62009199F93F700658F32 /* Debug */ = {
			isa = XCBuildConfiguration;
			buildSettings = {
				ASSETCATALOG_COMPILER_APPICON_NAME = AppIcon;
				ASSETCATALOG_COMPILER_LAUNCHIMAGE_NAME = LaunchImage;
				INFOPLIST_FILE = FlickrViewer/Info.plist;
				LD_RUNPATH_SEARCH_PATHS = "$(inherited) @executable_path/Frameworks";
				PRODUCT_NAME = "$(TARGET_NAME)";
			};
			name = Debug;
		};
		2CF6200A199F93F700658F32 /* Release */ = {
			isa = XCBuildConfiguration;
			buildSettings = {
				ASSETCATALOG_COMPILER_APPICON_NAME = AppIcon;
				ASSETCATALOG_COMPILER_LAUNCHIMAGE_NAME = LaunchImage;
				INFOPLIST_FILE = FlickrViewer/Info.plist;
				LD_RUNPATH_SEARCH_PATHS = "$(inherited) @executable_path/Frameworks";
				PRODUCT_NAME = "$(TARGET_NAME)";
			};
			name = Release;
		};
		2CF6200C199F93F700658F32 /* Debug */ = {
			isa = XCBuildConfiguration;
			buildSettings = {
				BUNDLE_LOADER = "$(TEST_HOST)";
				FRAMEWORK_SEARCH_PATHS = (
					"$(SDKROOT)/Developer/Library/Frameworks",
					"$(inherited)",
				);
				GCC_PREPROCESSOR_DEFINITIONS = (
					"DEBUG=1",
					"$(inherited)",
				);
				INFOPLIST_FILE = FlickrViewerTests/Info.plist;
				LD_RUNPATH_SEARCH_PATHS = "$(inherited) @executable_path/Frameworks @loader_path/Frameworks";
				PRODUCT_NAME = "$(TARGET_NAME)";
				TEST_HOST = "$(BUILT_PRODUCTS_DIR)/FlickrViewer.app/FlickrViewer";
			};
			name = Debug;
		};
		2CF6200D199F93F700658F32 /* Release */ = {
			isa = XCBuildConfiguration;
			buildSettings = {
				BUNDLE_LOADER = "$(TEST_HOST)";
				FRAMEWORK_SEARCH_PATHS = (
					"$(SDKROOT)/Developer/Library/Frameworks",
					"$(inherited)",
				);
				INFOPLIST_FILE = FlickrViewerTests/Info.plist;
				LD_RUNPATH_SEARCH_PATHS = "$(inherited) @executable_path/Frameworks @loader_path/Frameworks";
				PRODUCT_NAME = "$(TARGET_NAME)";
				TEST_HOST = "$(BUILT_PRODUCTS_DIR)/FlickrViewer.app/FlickrViewer";
			};
			name = Release;
		};
/* End XCBuildConfiguration section */

/* Begin XCConfigurationList section */
		2CF61FE7199F93F700658F32 /* Build configuration list for PBXProject "FlickrViewer" */ = {
			isa = XCConfigurationList;
			buildConfigurations = (
				2CF62006199F93F700658F32 /* Debug */,
				2CF62007199F93F700658F32 /* Release */,
			);
			defaultConfigurationIsVisible = 0;
			defaultConfigurationName = Release;
		};
		2CF62008199F93F700658F32 /* Build configuration list for PBXNativeTarget "FlickrViewer" */ = {
			isa = XCConfigurationList;
			buildConfigurations = (
				2CF62009199F93F700658F32 /* Debug */,
				2CF6200A199F93F700658F32 /* Release */,
			);
			defaultConfigurationIsVisible = 0;
		};
		2CF6200B199F93F700658F32 /* Build configuration list for PBXNativeTarget "FlickrViewerTests" */ = {
			isa = XCConfigurationList;
			buildConfigurations = (
				2CF6200C199F93F700658F32 /* Debug */,
				2CF6200D199F93F700658F32 /* Release */,
			);
			defaultConfigurationIsVisible = 0;
		};
/* End XCConfigurationList section */
	};
	rootObject = 2CF61FE4199F93F700658F32 /* Project object */;
}
